
Microsoft Visual Studio Solution File, Format Version 12.00
# Visual Studio Version 17
VisualStudioVersion = 17.0.32014.148
MinimumVisualStudioVersion = 10.0.40219.1
Project("{9A19103F-16F7-4668-BE54-9A1E7A4F7556}") = "Antenna Calculator", "Antenna Calculator.csproj", "{BE731C7A-2125-4315-B1D5-D715950199B7}"
EndProject
Global
	GlobalSection(SolutionConfigurationPlatforms) = preSolution
		Debug|Any CPU = Debug|Any CPU
		Release|Any CPU = Release|Any CPU
	EndGlobalSection
	GlobalSection(ProjectConfigurationPlatforms) = postSolution
		{BE731C7A-2125-4315-B1D5-D715950199B7}.Debug|Any CPU.ActiveCfg = Debug|Any CPU
		{BE731C7A-2125-4315-B1D5-D715950199B7}.Debug|Any CPU.Build.0 = Debug|Any CPU
		{BE731C7A-2125-4315-B1D5-D715950199B7}.Release|Any CPU.ActiveCfg = Release|Any CPU
		{BE731C7A-2125-4315-B1D5-D715950199B7}.Release|Any CPU.Build.0 = Release|Any CPU
	EndGlobalSection
	GlobalSection(SolutionProperties) = preSolution
		HideSolutionNode = FALSE
	EndGlobalSection
	GlobalSection(ExtensibilityGlobals) = postSolution
		SolutionGuid = {4EE8E400-FC78-49CF-963D-E177B873590A}
	EndGlobalSection
EndGlobal
